
Microsoft Visual Studio Solution File, Format Version 12.00
# Visual Studio Version 17
VisualStudioVersion = 17.4.33213.308
MinimumVisualStudioVersion = 10.0.40219.1
Project("{FAE04EC0-301F-11D3-BF4B-00C04F79EFBC}") = "Interface_lab", "Interface_lab\Interface_lab.csproj", "{2EEE5C01-01EF-4E05-9A06-F6D6872829B4}"
EndProject
Global
	GlobalSection(SolutionConfigurationPlatforms) = preSolution
		Debug|Any CPU = Debug|Any CPU
		Release|Any CPU = Release|Any CPU
	EndGlobalSection
	GlobalSection(ProjectConfigurationPlatforms) = postSolution
		{2EEE5C01-01EF-4E05-9A06-F6D6872829B4}.Debug|Any CPU.ActiveCfg = Debug|Any CPU
		{2EEE5C01-01EF-4E05-9A06-F6D6872829B4}.Debug|Any CPU.Build.0 = Debug|Any CPU
		{2EEE5C01-01EF-4E05-9A06-F6D6872829B4}.Release|Any CPU.ActiveCfg = Release|Any CPU
		{2EEE5C01-01EF-4E05-9A06-F6D6872829B4}.Release|Any CPU.Build.0 = Release|Any CPU
	EndGlobalSection
	GlobalSection(SolutionProperties) = preSolution
		HideSolutionNode = FALSE
	EndGlobalSection
	GlobalSection(ExtensibilityGlobals) = postSolution
		SolutionGuid = {F67CEAEE-4692-48F6-A692-828CADC97828}
	EndGlobalSection
EndGlobal
